
Microsoft Visual Studio Solution File, Format Version 12.00
# Visual Studio Version 16
VisualStudioVersion = 16.0.29911.84
MinimumVisualStudioVersion = 10.0.40219.1
Project("{FAE04EC0-301F-11D3-BF4B-00C04F79EFBC}") = "MyLeasing.Common", "MyLeasing.Common\MyLeasing.Common.csproj", "{930B7CB3-6445-4F59-97A6-F4385E314B23}"
EndProject
Project("{FAE04EC0-301F-11D3-BF4B-00C04F79EFBC}") = "MyLeasing.Web", "MyLeasing.Web\MyLeasing.Web.csproj", "{E5B9BC68-1835-4C42-9182-9FDC783545FA}"
EndProject
Global
	GlobalSection(SolutionConfigurationPlatforms) = preSolution
		Debug|Any CPU = Debug|Any CPU
		Release|Any CPU = Release|Any CPU
	EndGlobalSection
	GlobalSection(ProjectConfigurationPlatforms) = postSolution
		{930B7CB3-6445-4F59-97A6-F4385E314B23}.Debug|Any CPU.ActiveCfg = Debug|Any CPU
		{930B7CB3-6445-4F59-97A6-F4385E314B23}.Debug|Any CPU.Build.0 = Debug|Any CPU
		{930B7CB3-6445-4F59-97A6-F4385E314B23}.Release|Any CPU.ActiveCfg = Release|Any CPU
		{930B7CB3-6445-4F59-97A6-F4385E314B23}.Release|Any CPU.Build.0 = Release|Any CPU
		{E5B9BC68-1835-4C42-9182-9FDC783545FA}.Debug|Any CPU.ActiveCfg = Debug|Any CPU
		{E5B9BC68-1835-4C42-9182-9FDC783545FA}.Debug|Any CPU.Build.0 = Debug|Any CPU
		{E5B9BC68-1835-4C42-9182-9FDC783545FA}.Release|Any CPU.ActiveCfg = Release|Any CPU
		{E5B9BC68-1835-4C42-9182-9FDC783545FA}.Release|Any CPU.Build.0 = Release|Any CPU
	EndGlobalSection
	GlobalSection(SolutionProperties) = preSolution
		HideSolutionNode = FALSE
	EndGlobalSection
	GlobalSection(ExtensibilityGlobals) = postSolution
		SolutionGuid = {3784F5FD-5478-4B04-8F23-05FA8C09243E}
	EndGlobalSection
EndGlobal
